
Microsoft Visual Studio Solution File, Format Version 12.00
# Visual Studio Version 17
VisualStudioVersion = 17.1.32421.90
MinimumVisualStudioVersion = 10.0.40219.1
Project("{9A19103F-16F7-4668-BE54-9A1E7A4F7556}") = "SimpleConsoleApp", "SimpleConsoleApp1\SimpleConsoleApp.csproj", "{8119BC81-D83A-4F39-A260-2610AE02EAAC}"
EndProject
Project("{9A19103F-16F7-4668-BE54-9A1E7A4F7556}") = "ConsoleApp_GFG", "..\SimpleConsoleAppGFG\ConsoleApp_GFG\ConsoleApp_GFG.csproj", "{C0098A7A-CCFB-4E74-A550-AE6C43383FC1}"
EndProject
Project("{2150E333-8FDC-42A3-9474-1A3956D46DE8}") = "Solution Items", "Solution Items", "{309FBF4C-86A0-4855-96F8-72DA6A16B649}"
	ProjectSection(SolutionItems) = preProject
		..\JavaScriptSrc\script.js = ..\JavaScriptSrc\script.js
	EndProjectSection
EndProject
Project("{FAE04EC0-301F-11D3-BF4B-00C04F79EFBC}") = "ConsoleAppPracticeRealScenarios", "..\ConsoleAppPracticeRealScenarios\ConsoleAppPracticeRealScenarios.csproj", "{88FF0FD8-C5BD-43B0-AFB0-E04F52533A2B}"
EndProject
Project("{FAE04EC0-301F-11D3-BF4B-00C04F79EFBC}") = "CsharpPratice", "CsharpPratice\CsharpPratice.csproj", "{AC179F57-7D05-45A9-A4FA-5DB2E28DA3CD}"
EndProject
Global
	GlobalSection(SolutionConfigurationPlatforms) = preSolution
		Debug|Any CPU = Debug|Any CPU
		Release|Any CPU = Release|Any CPU
	EndGlobalSection
	GlobalSection(ProjectConfigurationPlatforms) = postSolution
		{8119BC81-D83A-4F39-A260-2610AE02EAAC}.Debug|Any CPU.ActiveCfg = Debug|Any CPU
		{8119BC81-D83A-4F39-A260-2610AE02EAAC}.Debug|Any CPU.Build.0 = Debug|Any CPU
		{8119BC81-D83A-4F39-A260-2610AE02EAAC}.Release|Any CPU.ActiveCfg = Release|Any CPU
		{8119BC81-D83A-4F39-A260-2610AE02EAAC}.Release|Any CPU.Build.0 = Release|Any CPU
		{C0098A7A-CCFB-4E74-A550-AE6C43383FC1}.Debug|Any CPU.ActiveCfg = Debug|Any CPU
		{C0098A7A-CCFB-4E74-A550-AE6C43383FC1}.Debug|Any CPU.Build.0 = Debug|Any CPU
		{C0098A7A-CCFB-4E74-A550-AE6C43383FC1}.Release|Any CPU.ActiveCfg = Release|Any CPU
		{C0098A7A-CCFB-4E74-A550-AE6C43383FC1}.Release|Any CPU.Build.0 = Release|Any CPU
		{88FF0FD8-C5BD-43B0-AFB0-E04F52533A2B}.Debug|Any CPU.ActiveCfg = Debug|Any CPU
		{88FF0FD8-C5BD-43B0-AFB0-E04F52533A2B}.Debug|Any CPU.Build.0 = Debug|Any CPU
		{88FF0FD8-C5BD-43B0-AFB0-E04F52533A2B}.Release|Any CPU.ActiveCfg = Release|Any CPU
		{88FF0FD8-C5BD-43B0-AFB0-E04F52533A2B}.Release|Any CPU.Build.0 = Release|Any CPU
		{AC179F57-7D05-45A9-A4FA-5DB2E28DA3CD}.Debug|Any CPU.ActiveCfg = Debug|Any CPU
		{AC179F57-7D05-45A9-A4FA-5DB2E28DA3CD}.Debug|Any CPU.Build.0 = Debug|Any CPU
		{AC179F57-7D05-45A9-A4FA-5DB2E28DA3CD}.Release|Any CPU.ActiveCfg = Release|Any CPU
		{AC179F57-7D05-45A9-A4FA-5DB2E28DA3CD}.Release|Any CPU.Build.0 = Release|Any CPU
	EndGlobalSection
	GlobalSection(SolutionProperties) = preSolution
		HideSolutionNode = FALSE
	EndGlobalSection
	GlobalSection(ExtensibilityGlobals) = postSolution
		SolutionGuid = {EB3996D8-F39A-4E2F-8ADA-7CD25D04A702}
	EndGlobalSection
EndGlobal
